
Microsoft Visual Studio Solution File, Format Version 12.00
# Visual Studio 14
VisualStudioVersion = 14.0.25420.1
MinimumVisualStudioVersion = 10.0.40219.1
Project("{E24C65DC-7377-472B-9ABA-BC803B73C61A}") = "asp", ".", "{CF098430-1136-4C58-AD54-4BCE1CA12A6E}"
	ProjectSection(WebsiteProperties) = preProject
		TargetFrameworkMoniker = ".NETFramework,Version%3Dv4.0"
		Debug.AspNetCompiler.VirtualPath = "/localhost_52327"
		Debug.AspNetCompiler.PhysicalPath = "E:\LocalSVN\SVN\Git\MyWeb\asp\"
		Debug.AspNetCompiler.TargetPath = "PrecompiledWeb\localhost_52327\"
		Debug.AspNetCompiler.Updateable = "true"
		Debug.AspNetCompiler.ForceOverwrite = "true"
		Debug.AspNetCompiler.FixedNames = "false"
		Debug.AspNetCompiler.Debug = "True"
		Release.AspNetCompiler.VirtualPath = "/localhost_52327"
		Release.AspNetCompiler.PhysicalPath = "E:\LocalSVN\SVN\Git\MyWeb\asp\"
		Release.AspNetCompiler.TargetPath = "PrecompiledWeb\localhost_52327\"
		Release.AspNetCompiler.Updateable = "true"
		Release.AspNetCompiler.ForceOverwrite = "true"
		Release.AspNetCompiler.FixedNames = "false"
		Release.AspNetCompiler.Debug = "False"
		VWDPort = "52327"
	EndProjectSection
EndProject
Global
	GlobalSection(SolutionConfigurationPlatforms) = preSolution
		Debug|Any CPU = Debug|Any CPU
	EndGlobalSection
	GlobalSection(ProjectConfigurationPlatforms) = postSolution
		{CF098430-1136-4C58-AD54-4BCE1CA12A6E}.Debug|Any CPU.ActiveCfg = Debug|Any CPU
		{CF098430-1136-4C58-AD54-4BCE1CA12A6E}.Debug|Any CPU.Build.0 = Debug|Any CPU
	EndGlobalSection
	GlobalSection(SolutionProperties) = preSolution
		HideSolutionNode = FALSE
	EndGlobalSection
EndGlobal
